# This file was autogenerated by Stack.
# You should not edit this file by hand.
# For more information, please see the documentation at:
#   https://docs.haskellstack.org/en/stable/lock_files

packages:
- completed:
    hackage: flatparse-0.5.1.0@sha256:6f5bc2d750061eac198dae1ca700d8c5c9d69dc8a536d53fdccd21a115ccb9aa,4537
    pantry-tree:
      sha256: 52cb32ef5b8081652c182c4af000e4c5cb9645e8626534df74aa29cd3b759555
      size: 2341
  original:
    hackage: flatparse-0.5.1.0
snapshots:
- completed:
    sha256: 62df2cd9ef6cb538f1003e43bf0f213dd7cd24e46a370bd529e245628013346a
    size: 650422
    url: https://raw.githubusercontent.com/commercialhaskell/stackage-snapshots/master/nightly/2024/6/22.yaml
  original: nightly-2024-06-22
